170
30
184
172
82
96
28
127
106
102
149
41
179
85
44
175
162
122
39
192
46
93
104
117
97
36
52
168
7
161
25
74
146
115
101
20
71
75
69
154
32
77
150
160
6
187
110
155
26
78
60
4
68
109
10
64
19
99
124
3
145
90
131
133
144
12
185
108
191
157
158
62
173
84
141
14
111
13
181
76
79
89
132
174
72
27
88
37
121
43
188
33
148
159
199
54
176
58
24
34
129
63
195
16
100
22
178
92
156
95
81
196
2
18
166
8
134
47
197
182
0
56
9
11
29
17
142
65
59
66
50
98
137
42
189
183
114
67
198
135
120
57
103
139
169
87
186
163
61
125
94
112
118
177
171
119
151
51
167
45
40
5
138
130
73
164
86
35
194
140
190
147
116
38
21
55
193
107
152
23
49
105
153
48
113
165
31
1
180
83
53
70
136
15
126
128
91
143
123
80
