75
82
150
169
93
143
119
88
146
197
137
162
56
110
151
108
21
149
79
80
65
135
77
78
62
103
94
181
167
136
32
66
154
8
125
104
35
87
128
165
177
63
174
112
76
187
12
122
145
131
193
39
84
186
171
34
53
132
45
139
30
7
101
157
144
141
71
14
41
152
100
92
19
105
6
3
70
178
121
90
60
138
185
23
46
74
51
38
172
175
126
109
96
147
58
106
140
124
190
1
57
13
156
161
33
99
48
153
155
50
9
64
176
130
55
49
163
198
52
120
15
102
123
27
129
72
116
43
89
22
98
91
31
168
69
115
11
159
180
83
118
160
5
194
188
18
47
142
117
179
107
4
61
196
148
183
111
2
16
68
28
17
26
25
97
133
36
42
95
0
182
127
24
158
134
114
199
192
86
29
189
73
40
10
170
59
184
54
37
173
67
166
164
44
195
85
20
113
191
81
