118
104
15
89
191
135
29
28
48
141
51
90
95
196
60
22
87
66
5
186
128
190
198
111
145
101
154
139
147
138
192
62
94
6
30
25
119
158
81
195
109
116
112
169
171
91
63
163
108
153
20
33
161
85
180
61
132
83
41
37
82
199
31
121
47
1
73
11
14
26
130
9
106
72
122
160
156
75
10
136
181
35
168
137
17
176
183
53
7
71
67
45
166
23
134
80
150
97
86
40
194
125
164
93
36
99
172
188
123
148
38
197
102
76
174
58
59
146
162
127
184
92
77
42
105
88
187
68
193
55
19
43
120
179
178
131
152
103
144
27
173
64
84
110
50
129
78
165
12
16
133
4
34
170
39
0
2
117
74
44
175
3
114
46
32
24
124
177
54
57
100
143
185
107
113
70
140
8
167
56
115
65
155
13
52
189
157
49
142
159
182
98
96
21
69
18
149
79
151
126
