55
183
170
51
131
53
155
49
69
14
118
145
44
162
167
128
37
57
143
58
12
1
25
10
168
154
173
76
31
121
175
36
90
73
68
171
99
153
42
181
161
184
11
182
113
149
56
77
191
63
158
84
28
94
86
22
176
70
178
19
95
147
27
180
112
169
97
103
150
16
52
106
29
194
88
41
151
172
141
96
45
98
7
18
135
15
26
124
188
8
195
100
50
187
59
102
85
111
5
3
117
119
82
192
137
83
80
38
91
24
46
115
177
87
67
138
186
122
30
185
127
136
35
166
133
199
107
17
130
4
48
156
189
190
140
54
160
196
134
74
123
78
197
34
125
40
116
198
110
64
142
0
13
32
65
33
104
20
159
120
93
89
61
144
72
148
47
71
157
92
101
9
109
146
62
152
75
23
21
174
164
193
39
114
108
105
60
6
163
66
81
129
126
2
165
79
43
179
139
132
