223
7
30
37
321
296
75
231
315
427
190
354
185
363
349
134
492
366
241
215
262
400
14
176
27
45
426
353
32
208
396
465
47
83
457
332
60
214
227
361
91
34
442
309
271
329
458
62
379
39
63
251
423
172
328
381
73
495
418
100
111
406
54
182
95
256
471
192
475
181
302
386
307
434
273
404
163
236
403
325
255
142
411
398
244
369
301
186
216
355
311
420
333
259
437
351
133
220
247
306
115
94
152
125
12
352
160
431
43
486
282
448
264
156
124
132
283
285
358
10
489
74
330
455
439
41
48
360
447
350
22
65
425
460
226
253
277
139
9
444
497
419
212
374
11
438
187
130
341
153
373
159
116
430
450
16
229
238
173
118
487
184
399
410
68
56
470
364
237
50
287
210
61
290
146
154
319
464
21
316
377
416
362
69
272
117
493
382
269
221
331
128
260
55
248
150
228
474
6
206
232
339
207
421
103
4
199
392
165
368
85
279
383
342
294
496
280
462
25
158
395
393
432
313
481
90
121
127
443
79
138
372
343
161
51
102
327
378
179
234
218
195
205
347
148
105
291
445
367
337
84
295
320
391
336
297
488
114
370
454
143
268
308
436
276
213
499
284
433
243
96
1
440
151
249
67
477
211
169
469
88
371
417
57
498
476
135
304
323
18
257
252
201
275
338
389
42
292
17
473
357
415
494
380
129
322
26
20
233
394
293
326
123
409
485
240
250
82
76
397
104
261
23
157
453
35
348
99
72
126
412
204
246
140
305
270
188
435
200
31
77
189
80
86
44
235
203
356
191
310
222
175
38
298
408
0
446
467
490
484
449
144
171
461
120
422
388
164
245
317
81
166
314
429
109
482
209
28
413
225
441
278
8
36
451
66
286
312
3
478
479
178
162
29
318
265
384
472
375
344
145
97
334
385
217
239
387
346
137
49
376
289
107
468
263
53
131
452
70
466
149
300
483
58
78
288
456
303
281
335
170
193
197
177
405
267
359
87
340
424
113
202
15
463
365
147
19
141
254
266
183
155
402
93
196
98
101
414
59
219
136
242
480
5
40
274
106
33
194
122
459
299
428
46
89
401
168
167
324
407
92
24
174
71
52
108
13
390
224
180
64
110
230
119
198
2
112
258
345
491
