495
333
99
280
298
401
143
447
239
360
310
479
273
308
225
369
142
437
35
13
418
411
343
390
286
56
236
294
119
60
224
466
136
270
113
232
41
482
338
83
45
101
80
245
205
349
317
190
326
36
433
357
86
156
176
177
383
147
58
275
171
442
481
409
370
313
484
392
182
66
398
21
40
88
410
109
234
281
151
235
299
130
96
296
488
475
378
463
254
228
4
412
279
315
421
453
179
307
120
405
330
162
288
48
210
259
329
345
271
344
63
31
218
184
492
287
282
54
105
117
361
72
467
50
16
159
334
2
129
42
373
9
79
123
284
220
135
391
238
498
253
100
415
277
29
359
403
389
425
167
454
314
321
458
371
445
269
191
185
485
126
110
196
490
353
226
432
342
292
216
496
203
265
247
304
355
7
443
457
114
272
84
404
57
440
3
252
92
207
231
422
118
8
127
154
439
90
374
257
261
387
30
416
322
38
209
94
297
267
471
339
125
462
377
426
133
11
368
388
12
474
295
285
255
250
62
139
163
394
291
241
429
74
428
6
354
170
112
227
451
309
82
206
325
262
417
188
144
223
195
116
386
300
233
438
155
363
23
1
5
20
324
61
407
17
448
352
385
316
131
204
367
49
65
140
180
358
336
197
122
464
397
256
43
306
408
472
89
237
331
208
486
37
78
150
115
201
312
260
480
69
493
52
460
323
106
81
423
102
198
441
26
381
64
436
473
341
382
95
33
434
59
465
27
337
449
293
356
446
164
34
305
243
348
476
459
152
452
332
187
141
214
230
491
470
157
193
71
319
211
365
53
395
335
221
303
435
469
24
499
134
402
128
455
456
483
327
414
200
399
108
222
444
93
138
181
420
169
372
264
186
76
124
194
91
244
478
77
32
165
137
266
258
351
39
384
160
97
283
419
375
18
46
146
362
202
251
289
172
87
104
246
290
400
347
406
158
153
103
217
19
0
393
487
380
328
468
166
242
427
15
376
268
75
240
249
55
379
364
22
346
430
320
183
302
175
213
168
215
189
173
311
149
276
450
219
318
199
413
301
229
68
25
51
263
28
424
161
70
489
85
274
73
121
192
132
431
396
497
366
67
44
494
461
107
278
178
111
174
10
350
47
148
477
212
98
248
340
145
14
