368
284
79
83
494
347
36
319
138
76
23
371
387
153
450
35
334
25
155
88
130
63
38
221
475
238
304
44
205
300
133
137
41
19
43
219
136
373
423
246
358
74
356
107
240
82
234
384
207
451
264
198
289
324
464
90
109
385
170
237
493
360
485
115
293
488
10
24
311
262
16
399
386
375
186
50
380
325
421
266
489
446
202
302
480
177
39
448
169
14
30
329
227
118
203
231
42
344
459
156
361
445
462
352
291
320
200
257
232
477
410
61
206
212
12
403
252
183
317
33
414
476
249
340
287
440
330
128
124
331
431
135
204
429
192
233
58
353
104
396
286
430
472
482
197
370
341
18
211
165
108
415
146
196
458
354
111
425
258
248
366
372
481
94
116
6
98
391
312
217
213
173
182
307
87
171
129
420
469
433
478
486
47
188
295
222
68
17
424
333
272
180
367
140
92
282
374
406
65
316
132
193
85
497
145
453
301
230
313
336
395
218
355
126
48
402
315
484
209
127
251
190
306
93
442
179
452
143
224
55
318
121
444
62
241
413
394
225
112
168
281
449
404
437
401
276
139
52
389
226
195
77
460
185
102
259
390
474
274
113
89
265
357
49
95
419
455
154
120
250
342
436
4
178
56
377
470
260
46
163
134
327
487
150
86
101
427
228
172
351
117
496
40
15
463
271
343
78
434
181
32
438
393
392
8
441
350
20
310
267
27
417
144
242
243
194
349
91
490
99
407
408
280
37
275
114
21
492
365
345
479
53
298
106
439
214
69
263
3
2
362
279
167
29
201
378
75
381
125
7
400
305
220
73
223
60
346
184
0
461
123
159
96
149
256
151
483
364
467
335
80
422
119
269
473
72
84
388
411
323
1
278
13
142
326
299
303
54
363
236
148
11
255
229
382
369
57
22
28
268
210
164
216
51
314
215
64
443
288
376
81
290
405
247
208
466
294
309
244
416
491
297
9
499
409
110
328
308
26
34
277
5
162
498
160
270
176
321
103
97
383
471
337
261
191
456
426
59
235
468
70
412
45
465
71
147
100
131
435
283
166
322
348
239
174
199
495
428
339
338
447
189
292
67
105
158
66
273
161
254
432
296
31
332
418
285
359
175
157
152
245
379
141
457
454
398
397
187
253
122
