40
288
0
358
390
480
222
150
31
269
445
127
296
215
109
412
77
183
199
3
329
141
407
371
149
473
324
423
470
59
196
58
314
48
104
451
33
441
461
171
11
108
341
49
116
21
300
408
10
70
57
176
190
164
359
161
315
354
291
352
233
236
194
342
137
240
187
65
126
380
274
112
178
321
278
146
449
292
122
375
281
29
295
168
156
257
142
212
478
17
397
350
166
471
403
224
9
246
235
117
153
391
343
79
483
330
453
179
398
157
460
234
271
72
298
383
367
442
18
264
335
477
267
39
66
5
415
414
467
430
357
320
401
129
169
19
92
147
46
436
47
8
311
180
243
82
411
88
368
409
36
472
447
37
248
260
420
125
1
211
498
96
208
346
200
22
482
193
152
428
139
145
151
379
253
6
135
225
463
431
56
42
490
237
374
134
303
419
118
326
20
52
73
361
387
351
313
32
337
94
172
362
318
188
424
74
229
69
89
55
446
7
102
382
192
251
373
323
457
455
106
282
256
201
294
213
107
115
239
287
144
392
262
110
216
210
173
304
15
14
184
263
27
80
338
319
167
279
284
223
312
90
218
140
119
496
425
202
439
148
132
413
433
67
348
64
245
365
334
177
252
469
485
123
124
130
165
170
51
444
435
54
395
154
207
98
220
497
221
340
241
174
434
71
259
297
81
309
24
386
25
76
230
443
162
456
289
12
495
310
95
203
417
280
16
418
306
143
283
250
85
50
393
285
328
481
26
493
474
244
369
219
345
394
61
307
302
30
468
62
249
286
175
363
429
254
270
437
353
232
372
476
272
385
377
60
356
347
484
266
331
205
158
84
181
87
489
416
120
410
339
13
466
113
325
301
421
499
128
68
293
103
316
228
275
432
491
97
4
195
160
308
464
28
35
450
159
322
426
355
63
366
86
238
458
209
402
75
454
364
217
191
78
189
405
91
381
384
332
261
2
155
204
422
136
138
43
370
131
44
227
465
133
198
186
487
404
101
41
389
400
206
452
305
277
255
99
349
336
492
479
111
327
83
23
214
53
290
399
427
121
163
226
231
388
396
34
93
378
247
462
242
258
38
317
265
488
182
440
105
273
376
406
268
100
438
494
475
486
333
114
448
299
185
360
276
45
197
344
459
