# ta110	[11288] 
132 196 131 103  15  17  47 180 133 146 120  40 139  32  42  51  72 191 121  18 127 151 162 140 183 188 185  89  55  46 187  50 178  12  70 195 166 125 124 157  60  37 181  68  10 102  88 171  48 161 153 159  54  24 107 190 117  67  19 112 143  80  86  99  53 167  45 148 156 128 173  71 199 130  41  25  73  30  98  27  44  36  74 168 177  96 145 114 163  31  26 105 152 136 179  63  65  61   5   3  90 170  81   9  57 193  82 176  78 118  39 110 137   7 108  66 135 194 138   8  23 129 113 104  38  56 154  84  20  64 97  58 106 119  33 93 109 184 165   2  34  43   1 158 186  79  52 182 147  59 164 200  87  28  92  76 160  62 175 123 134  95  49 192 115  29 126  16 150 149 122 116 111  21 169 144   6  11  91 101 172 142  14 197  85  22  69 141  77  35  83 100  94 198 155  13  75   4 189 174
