30
328
274
430
491
55
44
463
486
70
304
482
158
37
298
367
161
151
101
226
371
360
183
490
32
413
163
214
33
418
71
46
4
240
308
383
455
132
2
473
312
43
116
110
36
162
166
173
89
405
3
253
264
421
209
248
372
143
121
69
47
433
428
192
15
243
20
203
145
378
388
193
307
355
0
306
136
63
261
334
79
442
137
299
172
410
238
206
135
432
250
179
126
62
106
289
354
434
366
222
146
77
393
319
165
108
1
21
448
322
194
384
293
131
98
204
160
461
181
82
423
475
176
288
291
16
489
66
494
477
339
190
199
270
440
235
362
498
396
9
196
332
122
88
141
227
472
73
208
6
144
112
7
321
251
426
134
280
290
350
61
282
60
109
478
364
414
202
422
302
125
301
351
8
117
305
17
496
437
313
399
52
119
27
283
58
379
452
26
150
309
467
497
84
234
303
327
228
255
220
337
377
363
152
387
462
406
249
323
400
236
460
438
488
113
257
409
124
402
420
95
12
427
188
374
175
394
484
391
120
273
233
343
292
457
147
187
344
266
85
375
265
223
22
287
92
221
157
260
373
281
481
456
65
376
284
404
268
436
495
244
485
87
215
348
24
493
180
267
128
111
107
49
331
81
239
470
225
140
246
184
345
262
385
218
169
86
277
72
397
237
138
353
230
368
129
346
459
39
458
401
48
53
338
130
219
118
19
164
50
311
185
415
441
159
285
483
45
25
149
123
416
445
245
54
269
13
170
64
78
449
90
94
115
318
454
178
466
314
365
341
395
23
156
10
300
424
252
336
67
51
310
499
153
11
224
217
263
476
407
278
443
91
198
335
358
320
41
419
189
329
201
276
386
294
171
216
464
465
447
492
389
148
42
96
381
35
28
258
398
31
241
232
38
330
435
380
104
210
154
205
68
75
411
392
317
102
133
352
76
186
74
155
325
279
174
271
167
229
342
315
83
297
57
207
191
425
450
97
40
370
468
286
231
390
403
213
105
259
408
357
316
14
93
212
444
347
369
326
324
469
296
103
18
451
195
99
479
142
5
382
429
272
59
361
139
333
446
356
439
168
34
242
431
256
100
177
275
127
340
29
247
359
480
114
349
412
295
56
197
211
182
487
471
417
200
453
80
254
474
