5
93
371
400
456
112
305
27
34
239
232
376
146
354
165
307
22
431
463
189
158
197
436
419
25
151
370
423
440
390
451
278
346
128
120
349
461
304
362
97
333
430
94
321
192
420
240
340
391
493
433
402
404
256
183
421
275
55
92
466
264
171
226
121
358
204
385
449
274
13
242
215
95
124
98
131
252
460
487
243
267
374
377
107
452
291
286
388
295
6
8
132
410
37
143
106
113
479
48
462
122
38
230
4
227
394
309
1
277
209
84
334
332
454
299
336
297
161
427
246
77
248
384
82
15
266
179
114
337
200
86
195
216
341
492
480
210
170
219
24
347
202
396
99
287
356
484
434
435
249
63
457
16
127
233
422
36
123
387
52
348
111
382
191
163
17
237
496
415
65
360
474
12
190
172
140
366
224
251
383
144
88
260
32
187
188
180
108
258
150
157
279
446
153
407
23
231
220
272
294
301
447
298
104
281
238
397
490
459
450
148
270
339
71
470
353
328
306
129
182
91
222
53
373
178
66
116
262
174
169
322
118
70
475
283
268
19
85
467
316
455
288
176
236
465
331
476
289
81
386
273
413
296
367
206
352
33
392
11
468
495
257
47
90
136
69
173
469
369
498
78
26
265
359
395
241
448
453
379
9
167
471
489
282
185
497
491
43
263
154
292
408
259
134
50
412
166
290
0
199
255
79
58
62
303
300
39
198
324
152
428
59
87
60
253
372
51
441
375
483
327
308
44
426
442
2
194
409
486
271
193
105
35
229
41
393
68
342
293
325
155
335
221
207
175
350
137
472
276
326
29
344
378
494
403
196
181
217
110
254
398
405
45
100
28
46
203
126
117
439
125
437
76
138
89
363
247
235
130
482
313
414
3
208
345
162
103
330
244
135
61
49
40
149
57
212
417
102
464
73
133
234
329
245
168
177
368
156
211
357
74
380
160
478
21
314
280
42
139
119
201
312
205
481
20
7
310
10
269
432
67
18
115
318
401
438
30
485
311
142
159
31
443
320
109
406
477
284
411
381
364
473
184
186
499
213
361
141
147
416
228
96
302
425
14
317
261
64
54
80
389
458
418
445
164
223
225
338
424
101
145
72
250
75
343
315
214
319
56
365
399
351
444
285
218
83
429
488
355
323
