144
287
127
215
61
21
451
430
294
406
109
87
474
435
15
324
156
260
495
182
1
410
377
48
346
448
60
323
181
165
376
230
224
314
200
85
55
191
166
284
442
47
149
171
338
340
24
53
469
241
295
207
255
452
387
484
368
305
497
28
99
391
285
380
307
281
223
475
301
308
158
213
363
394
142
0
75
229
231
159
437
220
302
95
151
173
498
409
146
35
326
337
282
115
103
493
334
378
8
120
276
438
432
343
250
490
112
336
344
485
216
163
96
446
246
397
22
78
86
335
320
245
18
433
3
456
111
445
417
66
390
118
450
315
125
425
455
68
4
253
123
362
133
392
480
199
232
329
371
244
373
148
460
155
313
360
121
398
359
45
279
288
150
44
440
361
420
101
124
16
404
145
418
412
134
89
395
427
100
300
292
468
466
221
186
126
23
203
67
381
70
65
205
52
470
194
473
270
267
168
175
218
49
364
108
160
77
132
201
2
464
441
275
37
212
269
492
129
306
162
333
325
478
405
183
113
453
289
422
57
192
233
7
297
312
179
258
265
370
415
58
251
147
119
266
56
247
69
321
62
256
143
487
339
483
454
291
161
20
271
383
273
154
79
36
414
358
80
43
9
350
106
286
352
449
235
252
226
479
72
257
481
128
457
217
494
476
439
322
206
92
345
219
13
367
240
74
11
187
122
436
214
185
27
211
197
139
64
169
190
357
174
202
369
263
38
332
428
411
82
268
304
91
413
296
375
10
196
293
73
403
459
107
385
499
5
209
51
341
152
30
12
198
393
164
6
316
25
471
317
283
42
374
110
138
458
396
131
389
90
354
298
353
331
401
372
116
239
40
424
303
379
254
195
274
259
443
59
365
472
193
188
349
486
328
399
311
348
355
104
17
408
310
180
327
177
248
176
34
234
105
140
489
46
98
14
189
423
431
19
97
407
491
426
249
419
388
278
366
309
238
262
242
83
81
208
330
496
318
228
39
222
102
178
416
26
463
153
50
400
290
277
447
243
31
482
33
130
351
76
462
137
227
347
41
157
172
319
237
465
114
272
84
29
467
94
477
204
444
32
386
136
264
342
434
63
210
93
461
402
135
170
356
88
236
141
488
421
225
384
280
382
71
429
184
167
54
261
117
299
