224
338
405
3
225
374
169
229
261
119
149
484
95
247
485
389
356
282
133
113
345
220
71
340
203
105
387
177
106
182
469
395
97
325
62
393
192
390
363
305
194
343
273
16
296
218
114
43
6
411
248
272
291
152
293
347
412
258
141
143
460
147
10
246
37
19
154
457
4
487
38
496
24
50
427
27
458
15
46
183
456
281
142
209
93
91
435
359
380
151
176
437
482
2
195
213
425
381
72
257
423
332
222
253
223
278
358
127
265
311
275
9
126
451
424
64
417
499
138
110
288
322
187
135
197
66
486
362
348
446
156
269
470
267
344
298
83
48
434
276
341
59
146
379
150
89
159
140
107
172
369
175
68
78
283
30
33
452
448
0
230
36
334
167
26
406
20
134
18
479
464
216
402
174
69
483
44
84
478
53
440
414
401
180
164
388
415
419
408
54
355
410
153
158
166
409
200
94
198
492
65
236
360
403
271
270
39
90
420
41
186
212
314
262
131
165
337
75
494
450
455
191
136
333
190
237
294
130
297
430
312
241
431
354
23
313
55
310
481
244
57
82
79
238
178
284
447
260
285
73
326
35
463
385
17
13
92
268
163
145
331
214
49
215
123
489
391
439
40
376
429
495
210
199
497
161
235
8
11
173
204
12
304
245
330
21
58
118
264
336
287
206
88
317
462
319
255
377
239
124
384
490
129
221
234
303
357
300
144
473
308
477
328
31
211
227
471
404
445
249
320
263
306
491
29
108
378
102
168
226
373
299
205
426
453
289
421
5
327
295
128
466
280
351
120
101
277
250
428
148
392
443
346
433
77
370
316
170
454
398
383
181
256
365
254
56
28
352
371
189
42
219
324
155
243
1
468
407
444
339
87
196
286
70
329
122
47
251
498
137
103
76
111
112
60
125
51
335
400
132
449
397
104
422
301
121
242
465
217
74
98
382
34
375
323
475
7
96
202
63
32
361
86
116
274
367
139
480
208
413
318
488
418
67
467
342
302
353
193
184
188
81
160
368
292
252
100
162
476
45
232
201
233
436
372
240
493
394
438
157
364
399
185
349
80
309
474
171
442
231
52
266
99
259
179
321
61
117
315
416
441
461
109
85
22
396
432
279
14
366
228
307
472
350
115
207
25
290
459
386
